
Microsoft Visual Studio Solution File, Format Version 12.00
# Visual Studio Version 17
VisualStudioVersion = 17.11.35327.3
MinimumVisualStudioVersion = 10.0.40219.1
Project("{8BC9CEB8-8B4A-11D0-8D11-00A0C91BC942}") = "Checkpoint2.14", "Checkpoint2.14.vcxproj", "{8DE72471-947A-48CE-AFD9-D06BA3690FA5}"
EndProject
Global
	GlobalSection(SolutionConfigurationPlatforms) = preSolution
		Debug|x64 = Debug|x64
		Debug|x86 = Debug|x86
		Release|x64 = Release|x64
		Release|x86 = Release|x86
	EndGlobalSection
	GlobalSection(ProjectConfigurationPlatforms) = postSolution
		{8DE72471-947A-48CE-AFD9-D06BA3690FA5}.Debug|x64.ActiveCfg = Debug|x64
		{8DE72471-947A-48CE-AFD9-D06BA3690FA5}.Debug|x64.Build.0 = Debug|x64
		{8DE72471-947A-48CE-AFD9-D06BA3690FA5}.Debug|x86.ActiveCfg = Debug|Win32
		{8DE72471-947A-48CE-AFD9-D06BA3690FA5}.Debug|x86.Build.0 = Debug|Win32
		{8DE72471-947A-48CE-AFD9-D06BA3690FA5}.Release|x64.ActiveCfg = Release|x64
		{8DE72471-947A-48CE-AFD9-D06BA3690FA5}.Release|x64.Build.0 = Release|x64
		{8DE72471-947A-48CE-AFD9-D06BA3690FA5}.Release|x86.ActiveCfg = Release|Win32
		{8DE72471-947A-48CE-AFD9-D06BA3690FA5}.Release|x86.Build.0 = Release|Win32
	EndGlobalSection
	GlobalSection(SolutionProperties) = preSolution
		HideSolutionNode = FALSE
	EndGlobalSection
	GlobalSection(ExtensibilityGlobals) = postSolution
		SolutionGuid = {3C20B397-DEAC-448C-8356-FDC585B2A4F0}
	EndGlobalSection
EndGlobal
